
Microsoft Visual Studio Solution File, Format Version 12.00
# Visual Studio Version 17
VisualStudioVersion = 17.11.35303.130
MinimumVisualStudioVersion = 10.0.40219.1
Project("{2150E333-8FDC-42A3-9474-1A3956D46DE8}") = "Task0", "Task0", "{BE655039-682E-4B73-A8FE-5B256B535A2F}"
EndProject
Project("{9A19103F-16F7-4668-BE54-9A1E7A4F7556}") = "Tyuiu.YakimukVV.Sprint2.Task0.V12", "Tyuiu.YakimukVV.Sprint2.Task0.V12\Tyuiu.YakimukVV.Sprint2.Task0.V12.csproj", "{7ABFDF62-B466-44D6-A648-47DBE00C1613}"
EndProject
Project("{9A19103F-16F7-4668-BE54-9A1E7A4F7556}") = "Tyuiu.YakimukVV.Sprint2.Task0.V12.Test", "Tyuiu.YakimukVV.Sprint2.Task0.V12.Test\Tyuiu.YakimukVV.Sprint2.Task0.V12.Test.csproj", "{E3CD206A-9364-4A5F-B00C-88D7E62E4BCD}"
EndProject
Project("{9A19103F-16F7-4668-BE54-9A1E7A4F7556}") = "Tyuiu.YakimukVV.Sprint2.Task0.V12.Lib", "Tyuiu.YakimukVV.Sprint2.Task0.V12.Lib\Tyuiu.YakimukVV.Sprint2.Task0.V12.Lib.csproj", "{E5DCBC9D-09F7-4C21-B00B-6DDA186A9C03}"
EndProject
Project("{2150E333-8FDC-42A3-9474-1A3956D46DE8}") = "Task1", "Task1", "{B96AECA4-29A6-41FF-AEBD-0910FB46AEB9}"
EndProject
Project("{9A19103F-16F7-4668-BE54-9A1E7A4F7556}") = "Tyuiu.YakimukVV.Sprint2.Task1.V24", "Tyuiu.YakimukVV.Sprint2.Task1.V24\Tyuiu.YakimukVV.Sprint2.Task1.V24.csproj", "{3B25418F-D2FC-4FE1-9CFB-7D74436C499E}"
EndProject
Project("{9A19103F-16F7-4668-BE54-9A1E7A4F7556}") = "Tyuiu.YakimukVV.Sprint2.Task1.V24.Lib", "Tyuiu.YakimukVV.Sprint2.Task1.V24.Lib\Tyuiu.YakimukVV.Sprint2.Task1.V24.Lib.csproj", "{C9B3CC13-7571-4766-89F7-2B071E9A6470}"
EndProject
Project("{9A19103F-16F7-4668-BE54-9A1E7A4F7556}") = "Tyuiu.YakimukVV.Sprint2.Task1.V24.Test", "Tyuiu.YakimukVV.Sprint2.Task1.V24.Test\Tyuiu.YakimukVV.Sprint2.Task1.V24.Test.csproj", "{0F5B60CA-ED23-4FB2-97B2-BC92CAB8D42A}"
EndProject
Project("{2150E333-8FDC-42A3-9474-1A3956D46DE8}") = "Task2", "Task2", "{04EA915C-B6D8-4D42-85A0-755B86F7484D}"
EndProject
Project("{9A19103F-16F7-4668-BE54-9A1E7A4F7556}") = "Tyuiu.YakimukVV.Sprint2.Task2.V21", "Tyuiu.YakimukVV.Sprint2.Task2.V21\Tyuiu.YakimukVV.Sprint2.Task2.V21.csproj", "{A6DF8285-1990-4782-9B5D-634D3277D282}"
EndProject
Project("{9A19103F-16F7-4668-BE54-9A1E7A4F7556}") = "Tyuiu.YakimukVV.Sprint2.Task2.V21.Lib", "Tyuiu.YakimukVV.Sprint2.Task2.V21.Lib\Tyuiu.YakimukVV.Sprint2.Task2.V21.Lib.csproj", "{EE7BF3F9-2698-4652-8032-03A45D088D21}"
EndProject
Project("{9A19103F-16F7-4668-BE54-9A1E7A4F7556}") = "Tyuiu.YakimukVV.Sprint2.Task2.V21.Test", "Tyuiu.YakimukVV.Sprint2.Task2.V21.Test\Tyuiu.YakimukVV.Sprint2.Task2.V21.Test.csproj", "{548265E2-6E23-4AA3-A8CC-E8E8F8C15A06}"
EndProject
Project("{2150E333-8FDC-42A3-9474-1A3956D46DE8}") = "Task3", "Task3", "{1C5234C0-00A1-4D31-8F10-43C758255999}"
EndProject
Project("{9A19103F-16F7-4668-BE54-9A1E7A4F7556}") = "Tyuiu.YakimukVV.Sprint2.Task3.V11", "Tyuiu.YakimukVV.Sprint2.Task3.V11\Tyuiu.YakimukVV.Sprint2.Task3.V11.csproj", "{1E23B0B5-3485-4A93-91A3-DBA13EE88DB4}"
EndProject
Project("{9A19103F-16F7-4668-BE54-9A1E7A4F7556}") = "Tyuiu.YakimukVV.Sprint2.Task3.V11.Test", "Tyuiu.YakimukVV.Sprint2.Task3.V11.Test\Tyuiu.YakimukVV.Sprint2.Task3.V11.Test.csproj", "{506F0778-2FBE-4FDC-8700-5365FB37108D}"
EndProject
Project("{9A19103F-16F7-4668-BE54-9A1E7A4F7556}") = "Tyuiu.YakimukVV.Sprint2.Task3.V11.Lib", "Tyuiu.YakimukVV.Sprint2.Task3.V11.Lib\Tyuiu.YakimukVV.Sprint2.Task3.V11.Lib.csproj", "{68FCEDA1-AF0C-4D63-B4F5-BCC2929DCE82}"
EndProject
Project("{2150E333-8FDC-42A3-9474-1A3956D46DE8}") = "Task4", "Task4", "{708EBF8E-014E-4D97-9AA2-88F383323BF1}"
EndProject
Project("{9A19103F-16F7-4668-BE54-9A1E7A4F7556}") = "Tyuiu.YakimukVV.Sprint2.Task4.V4", "Tyuiu.YakimukVV.Sprint2.Task4.V4\Tyuiu.YakimukVV.Sprint2.Task4.V4.csproj", "{7FBBEA07-C317-47EA-AC7E-7D2FBAD1F51B}"
EndProject
Project("{9A19103F-16F7-4668-BE54-9A1E7A4F7556}") = "Tyuiu.YakimukVV.Sprint2.Task4.V4.Lib", "Tyuiu.YakimukVV.Sprint2.Task4.V4.Lib\Tyuiu.YakimukVV.Sprint2.Task4.V4.Lib.csproj", "{7F49A8AB-8A6E-4386-9015-076BB2543590}"
EndProject
Project("{9A19103F-16F7-4668-BE54-9A1E7A4F7556}") = "Tyuiu.YakimukVV.Sprint2.Task4.V4.Test", "Tyuiu.YakimukVV.Sprint2.Task4.V4.Test\Tyuiu.YakimukVV.Sprint2.Task4.V4.Test.csproj", "{8AEDDD3C-93AD-447F-8C09-1669EDACAD14}"
EndProject
Project("{2150E333-8FDC-42A3-9474-1A3956D46DE8}") = "Task5", "Task5", "{C087D682-94B9-4B3D-8B4C-78BF494EA84D}"
EndProject
Project("{FAE04EC0-301F-11D3-BF4B-00C04F79EFBC}") = "Tyuiu.YakimukVV.Sprint2.Task5.V9", "Tyuiu.YakimukVV.Sprint2.Task5.V9\Tyuiu.YakimukVV.Sprint2.Task5.V9.csproj", "{C54E3242-89DF-487F-BD13-99B0C7D0A4B4}"
EndProject
Project("{FAE04EC0-301F-11D3-BF4B-00C04F79EFBC}") = "Tyuiu.YakimukVV.Sprint2.Task5.V9.Test", "Tyuiu.YakimukVV.Sprint2.Task5.V9.Test\Tyuiu.YakimukVV.Sprint2.Task5.V9.Test.csproj", "{910B86D9-0B0B-4551-AF1E-5B0B3B3D3142}"
EndProject
Project("{FAE04EC0-301F-11D3-BF4B-00C04F79EFBC}") = "Tyuiu.YakimukVV.Sprint2.Task5.V9.Lib", "Tyuiu.YakimukVV.Sprint2.Task5.V9.Lib\Tyuiu.YakimukVV.Sprint2.Task5.V9.Lib.csproj", "{54DB9792-060C-457A-9AAC-22134AF4DE03}"
EndProject
Project("{2150E333-8FDC-42A3-9474-1A3956D46DE8}") = "Task6", "Task6", "{068E4D34-DFFA-4CF8-9B25-C47BBAF9C5A4}"
EndProject
Project("{FAE04EC0-301F-11D3-BF4B-00C04F79EFBC}") = "Tyuiu.YakimukVV.Sprint2.Task6.V15", "Tyuiu.YakimukVV.Sprint2.Task6.V15\Tyuiu.YakimukVV.Sprint2.Task6.V15.csproj", "{27E60AEE-A6C5-4BB1-9EA9-52033B548C9C}"
EndProject
Project("{FAE04EC0-301F-11D3-BF4B-00C04F79EFBC}") = "Tyuiu.YakimukVV.Sprint2.Task6.V15.Lib", "Tyuiu.YakimukVV.Sprint2.Task6.V15.Lib\Tyuiu.YakimukVV.Sprint2.Task6.V15.Lib.csproj", "{A13C9758-E0EE-4081-A26E-B7A37216B6BC}"
EndProject
Project("{FAE04EC0-301F-11D3-BF4B-00C04F79EFBC}") = "Tyuiu.YakimukVV.Sprint2.Task6.V15.Test", "Tyuiu.YakimukVV.Sprint2.Task6.V15.Test\Tyuiu.YakimukVV.Sprint2.Task6.V15.Test.csproj", "{400DA62A-ED09-4E38-AB1C-2B1AC16ACA4C}"
EndProject
Global
	GlobalSection(SolutionConfigurationPlatforms) = preSolution
		Debug|Any CPU = Debug|Any CPU
		Release|Any CPU = Release|Any CPU
	EndGlobalSection
	GlobalSection(ProjectConfigurationPlatforms) = postSolution
		{7ABFDF62-B466-44D6-A648-47DBE00C1613}.Debug|Any CPU.ActiveCfg = Debug|Any CPU
		{7ABFDF62-B466-44D6-A648-47DBE00C1613}.Debug|Any CPU.Build.0 = Debug|Any CPU
		{7ABFDF62-B466-44D6-A648-47DBE00C1613}.Release|Any CPU.ActiveCfg = Release|Any CPU
		{7ABFDF62-B466-44D6-A648-47DBE00C1613}.Release|Any CPU.Build.0 = Release|Any CPU
		{E3CD206A-9364-4A5F-B00C-88D7E62E4BCD}.Debug|Any CPU.ActiveCfg = Debug|Any CPU
		{E3CD206A-9364-4A5F-B00C-88D7E62E4BCD}.Debug|Any CPU.Build.0 = Debug|Any CPU
		{E3CD206A-9364-4A5F-B00C-88D7E62E4BCD}.Release|Any CPU.ActiveCfg = Release|Any CPU
		{E3CD206A-9364-4A5F-B00C-88D7E62E4BCD}.Release|Any CPU.Build.0 = Release|Any CPU
		{E5DCBC9D-09F7-4C21-B00B-6DDA186A9C03}.Debug|Any CPU.ActiveCfg = Debug|Any CPU
		{E5DCBC9D-09F7-4C21-B00B-6DDA186A9C03}.Debug|Any CPU.Build.0 = Debug|Any CPU
		{E5DCBC9D-09F7-4C21-B00B-6DDA186A9C03}.Release|Any CPU.ActiveCfg = Release|Any CPU
		{E5DCBC9D-09F7-4C21-B00B-6DDA186A9C03}.Release|Any CPU.Build.0 = Release|Any CPU
		{3B25418F-D2FC-4FE1-9CFB-7D74436C499E}.Debug|Any CPU.ActiveCfg = Debug|Any CPU
		{3B25418F-D2FC-4FE1-9CFB-7D74436C499E}.Debug|Any CPU.Build.0 = Debug|Any CPU
		{3B25418F-D2FC-4FE1-9CFB-7D74436C499E}.Release|Any CPU.ActiveCfg = Release|Any CPU
		{3B25418F-D2FC-4FE1-9CFB-7D74436C499E}.Release|Any CPU.Build.0 = Release|Any CPU
		{C9B3CC13-7571-4766-89F7-2B071E9A6470}.Debug|Any CPU.ActiveCfg = Debug|Any CPU
		{C9B3CC13-7571-4766-89F7-2B071E9A6470}.Debug|Any CPU.Build.0 = Debug|Any CPU
		{C9B3CC13-7571-4766-89F7-2B071E9A6470}.Release|Any CPU.ActiveCfg = Release|Any CPU
		{C9B3CC13-7571-4766-89F7-2B071E9A6470}.Release|Any CPU.Build.0 = Release|Any CPU
		{0F5B60CA-ED23-4FB2-97B2-BC92CAB8D42A}.Debug|Any CPU.ActiveCfg = Debug|Any CPU
		{0F5B60CA-ED23-4FB2-97B2-BC92CAB8D42A}.Debug|Any CPU.Build.0 = Debug|Any CPU
		{0F5B60CA-ED23-4FB2-97B2-BC92CAB8D42A}.Release|Any CPU.ActiveCfg = Release|Any CPU
		{0F5B60CA-ED23-4FB2-97B2-BC92CAB8D42A}.Release|Any CPU.Build.0 = Release|Any CPU
		{A6DF8285-1990-4782-9B5D-634D3277D282}.Debug|Any CPU.ActiveCfg = Debug|Any CPU
		{A6DF8285-1990-4782-9B5D-634D3277D282}.Debug|Any CPU.Build.0 = Debug|Any CPU
		{A6DF8285-1990-4782-9B5D-634D3277D282}.Release|Any CPU.ActiveCfg = Release|Any CPU
		{A6DF8285-1990-4782-9B5D-634D3277D282}.Release|Any CPU.Build.0 = Release|Any CPU
		{EE7BF3F9-2698-4652-8032-03A45D088D21}.Debug|Any CPU.ActiveCfg = Debug|Any CPU
		{EE7BF3F9-2698-4652-8032-03A45D088D21}.Debug|Any CPU.Build.0 = Debug|Any CPU
		{EE7BF3F9-2698-4652-8032-03A45D088D21}.Release|Any CPU.ActiveCfg = Release|Any CPU
		{EE7BF3F9-2698-4652-8032-03A45D088D21}.Release|Any CPU.Build.0 = Release|Any CPU
		{548265E2-6E23-4AA3-A8CC-E8E8F8C15A06}.Debug|Any CPU.ActiveCfg = Debug|Any CPU
		{548265E2-6E23-4AA3-A8CC-E8E8F8C15A06}.Debug|Any CPU.Build.0 = Debug|Any CPU
		{548265E2-6E23-4AA3-A8CC-E8E8F8C15A06}.Release|Any CPU.ActiveCfg = Release|Any CPU
		{548265E2-6E23-4AA3-A8CC-E8E8F8C15A06}.Release|Any CPU.Build.0 = Release|Any CPU
		{1E23B0B5-3485-4A93-91A3-DBA13EE88DB4}.Debug|Any CPU.ActiveCfg = Debug|Any CPU
		{1E23B0B5-3485-4A93-91A3-DBA13EE88DB4}.Debug|Any CPU.Build.0 = Debug|Any CPU
		{1E23B0B5-3485-4A93-91A3-DBA13EE88DB4}.Release|Any CPU.ActiveCfg = Release|Any CPU
		{1E23B0B5-3485-4A93-91A3-DBA13EE88DB4}.Release|Any CPU.Build.0 = Release|Any CPU
		{506F0778-2FBE-4FDC-8700-5365FB37108D}.Debug|Any CPU.ActiveCfg = Debug|Any CPU
		{506F0778-2FBE-4FDC-8700-5365FB37108D}.Debug|Any CPU.Build.0 = Debug|Any CPU
		{506F0778-2FBE-4FDC-8700-5365FB37108D}.Release|Any CPU.ActiveCfg = Release|Any CPU
		{506F0778-2FBE-4FDC-8700-5365FB37108D}.Release|Any CPU.Build.0 = Release|Any CPU
		{68FCEDA1-AF0C-4D63-B4F5-BCC2929DCE82}.Debug|Any CPU.ActiveCfg = Debug|Any CPU
		{68FCEDA1-AF0C-4D63-B4F5-BCC2929DCE82}.Debug|Any CPU.Build.0 = Debug|Any CPU
		{68FCEDA1-AF0C-4D63-B4F5-BCC2929DCE82}.Release|Any CPU.ActiveCfg = Release|Any CPU
		{68FCEDA1-AF0C-4D63-B4F5-BCC2929DCE82}.Release|Any CPU.Build.0 = Release|Any CPU
		{7FBBEA07-C317-47EA-AC7E-7D2FBAD1F51B}.Debug|Any CPU.ActiveCfg = Debug|Any CPU
		{7FBBEA07-C317-47EA-AC7E-7D2FBAD1F51B}.Debug|Any CPU.Build.0 = Debug|Any CPU
		{7FBBEA07-C317-47EA-AC7E-7D2FBAD1F51B}.Release|Any CPU.ActiveCfg = Release|Any CPU
		{7FBBEA07-C317-47EA-AC7E-7D2FBAD1F51B}.Release|Any CPU.Build.0 = Release|Any CPU
		{7F49A8AB-8A6E-4386-9015-076BB2543590}.Debug|Any CPU.ActiveCfg = Debug|Any CPU
		{7F49A8AB-8A6E-4386-9015-076BB2543590}.Debug|Any CPU.Build.0 = Debug|Any CPU
		{7F49A8AB-8A6E-4386-9015-076BB2543590}.Release|Any CPU.ActiveCfg = Release|Any CPU
		{7F49A8AB-8A6E-4386-9015-076BB2543590}.Release|Any CPU.Build.0 = Release|Any CPU
		{8AEDDD3C-93AD-447F-8C09-1669EDACAD14}.Debug|Any CPU.ActiveCfg = Debug|Any CPU
		{8AEDDD3C-93AD-447F-8C09-1669EDACAD14}.Debug|Any CPU.Build.0 = Debug|Any CPU
		{8AEDDD3C-93AD-447F-8C09-1669EDACAD14}.Release|Any CPU.ActiveCfg = Release|Any CPU
		{8AEDDD3C-93AD-447F-8C09-1669EDACAD14}.Release|Any CPU.Build.0 = Release|Any CPU
		{C54E3242-89DF-487F-BD13-99B0C7D0A4B4}.Debug|Any CPU.ActiveCfg = Debug|Any CPU
		{C54E3242-89DF-487F-BD13-99B0C7D0A4B4}.Debug|Any CPU.Build.0 = Debug|Any CPU
		{C54E3242-89DF-487F-BD13-99B0C7D0A4B4}.Release|Any CPU.ActiveCfg = Release|Any CPU
		{C54E3242-89DF-487F-BD13-99B0C7D0A4B4}.Release|Any CPU.Build.0 = Release|Any CPU
		{910B86D9-0B0B-4551-AF1E-5B0B3B3D3142}.Debug|Any CPU.ActiveCfg = Debug|Any CPU
		{910B86D9-0B0B-4551-AF1E-5B0B3B3D3142}.Debug|Any CPU.Build.0 = Debug|Any CPU
		{910B86D9-0B0B-4551-AF1E-5B0B3B3D3142}.Release|Any CPU.ActiveCfg = Release|Any CPU
		{910B86D9-0B0B-4551-AF1E-5B0B3B3D3142}.Release|Any CPU.Build.0 = Release|Any CPU
		{54DB9792-060C-457A-9AAC-22134AF4DE03}.Debug|Any CPU.ActiveCfg = Debug|Any CPU
		{54DB9792-060C-457A-9AAC-22134AF4DE03}.Debug|Any CPU.Build.0 = Debug|Any CPU
		{54DB9792-060C-457A-9AAC-22134AF4DE03}.Release|Any CPU.ActiveCfg = Release|Any CPU
		{54DB9792-060C-457A-9AAC-22134AF4DE03}.Release|Any CPU.Build.0 = Release|Any CPU
		{27E60AEE-A6C5-4BB1-9EA9-52033B548C9C}.Debug|Any CPU.ActiveCfg = Debug|Any CPU
		{27E60AEE-A6C5-4BB1-9EA9-52033B548C9C}.Debug|Any CPU.Build.0 = Debug|Any CPU
		{27E60AEE-A6C5-4BB1-9EA9-52033B548C9C}.Release|Any CPU.ActiveCfg = Release|Any CPU
		{27E60AEE-A6C5-4BB1-9EA9-52033B548C9C}.Release|Any CPU.Build.0 = Release|Any CPU
		{A13C9758-E0EE-4081-A26E-B7A37216B6BC}.Debug|Any CPU.ActiveCfg = Debug|Any CPU
		{A13C9758-E0EE-4081-A26E-B7A37216B6BC}.Debug|Any CPU.Build.0 = Debug|Any CPU
		{A13C9758-E0EE-4081-A26E-B7A37216B6BC}.Release|Any CPU.ActiveCfg = Release|Any CPU
		{A13C9758-E0EE-4081-A26E-B7A37216B6BC}.Release|Any CPU.Build.0 = Release|Any CPU
		{400DA62A-ED09-4E38-AB1C-2B1AC16ACA4C}.Debug|Any CPU.ActiveCfg = Debug|Any CPU
		{400DA62A-ED09-4E38-AB1C-2B1AC16ACA4C}.Debug|Any CPU.Build.0 = Debug|Any CPU
		{400DA62A-ED09-4E38-AB1C-2B1AC16ACA4C}.Release|Any CPU.ActiveCfg = Release|Any CPU
		{400DA62A-ED09-4E38-AB1C-2B1AC16ACA4C}.Release|Any CPU.Build.0 = Release|Any CPU
	EndGlobalSection
	GlobalSection(SolutionProperties) = preSolution
		HideSolutionNode = FALSE
	EndGlobalSection
	GlobalSection(NestedProjects) = preSolution
		{7ABFDF62-B466-44D6-A648-47DBE00C1613} = {BE655039-682E-4B73-A8FE-5B256B535A2F}
		{E3CD206A-9364-4A5F-B00C-88D7E62E4BCD} = {BE655039-682E-4B73-A8FE-5B256B535A2F}
		{E5DCBC9D-09F7-4C21-B00B-6DDA186A9C03} = {BE655039-682E-4B73-A8FE-5B256B535A2F}
		{3B25418F-D2FC-4FE1-9CFB-7D74436C499E} = {B96AECA4-29A6-41FF-AEBD-0910FB46AEB9}
		{C9B3CC13-7571-4766-89F7-2B071E9A6470} = {B96AECA4-29A6-41FF-AEBD-0910FB46AEB9}
		{0F5B60CA-ED23-4FB2-97B2-BC92CAB8D42A} = {B96AECA4-29A6-41FF-AEBD-0910FB46AEB9}
		{A6DF8285-1990-4782-9B5D-634D3277D282} = {04EA915C-B6D8-4D42-85A0-755B86F7484D}
		{EE7BF3F9-2698-4652-8032-03A45D088D21} = {04EA915C-B6D8-4D42-85A0-755B86F7484D}
		{548265E2-6E23-4AA3-A8CC-E8E8F8C15A06} = {04EA915C-B6D8-4D42-85A0-755B86F7484D}
		{1E23B0B5-3485-4A93-91A3-DBA13EE88DB4} = {1C5234C0-00A1-4D31-8F10-43C758255999}
		{506F0778-2FBE-4FDC-8700-5365FB37108D} = {1C5234C0-00A1-4D31-8F10-43C758255999}
		{68FCEDA1-AF0C-4D63-B4F5-BCC2929DCE82} = {1C5234C0-00A1-4D31-8F10-43C758255999}
		{7FBBEA07-C317-47EA-AC7E-7D2FBAD1F51B} = {708EBF8E-014E-4D97-9AA2-88F383323BF1}
		{7F49A8AB-8A6E-4386-9015-076BB2543590} = {708EBF8E-014E-4D97-9AA2-88F383323BF1}
		{8AEDDD3C-93AD-447F-8C09-1669EDACAD14} = {708EBF8E-014E-4D97-9AA2-88F383323BF1}
		{C54E3242-89DF-487F-BD13-99B0C7D0A4B4} = {C087D682-94B9-4B3D-8B4C-78BF494EA84D}
		{910B86D9-0B0B-4551-AF1E-5B0B3B3D3142} = {C087D682-94B9-4B3D-8B4C-78BF494EA84D}
		{54DB9792-060C-457A-9AAC-22134AF4DE03} = {C087D682-94B9-4B3D-8B4C-78BF494EA84D}
		{27E60AEE-A6C5-4BB1-9EA9-52033B548C9C} = {068E4D34-DFFA-4CF8-9B25-C47BBAF9C5A4}
		{A13C9758-E0EE-4081-A26E-B7A37216B6BC} = {068E4D34-DFFA-4CF8-9B25-C47BBAF9C5A4}
		{400DA62A-ED09-4E38-AB1C-2B1AC16ACA4C} = {068E4D34-DFFA-4CF8-9B25-C47BBAF9C5A4}
	EndGlobalSection
	GlobalSection(ExtensibilityGlobals) = postSolution
		SolutionGuid = {55D176C9-C9C9-4323-B46F-B8DEE958B7C6}
	EndGlobalSection
EndGlobal
